// !$*UTF8*$!
{
	archiveVersion = 1;
	classes = {
	};
	objectVersion = 50;
	objects = {

/* Begin PBXBuildFile section */
		5EF4CC2D2347CE1200B492DB /* AppDelegate.swift in Sources */ = {isa = PBXBuildFile; fileRef = 5EF4CC2C2347CE1200B492DB /* AppDelegate.swift */; };
		5EF4CC2F2347CE1200B492DB /* SceneDelegate.swift in Sources */ = {isa = PBXBuildFile; fileRef = 5EF4CC2E2347CE1200B492DB /* SceneDelegate.swift */; };
		5EF4CC312347CE1200B492DB /* ContentView.swift in Sources */ = {isa = PBXBuildFile; fileRef = 5EF4CC302347CE1200B492DB /* ContentView.swift */; };
		5EF4CC332347CE1300B492DB /* Assets.xcassets in Resources */ = {isa = PBXBuildFile; fileRef = 5EF4CC322347CE1300B492DB /* Assets.xcassets */; };
		5EF4CC362347CE1300B492DB /* Preview Assets.xcassets in Resources */ = {isa = PBXBuildFile; fileRef = 5EF4CC352347CE1300B492DB /* Preview Assets.xcassets */; };
		5EF4CC392347CE1300B492DB /* LaunchScreen.storyboard in Resources */ = {isa = PBXBuildFile; fileRef = 5EF4CC372347CE1300B492DB /* LaunchScreen.storyboard */; };
		5EF4CC442347CE1300B492DB /* bPriceTests.swift in Sources */ = {isa = PBXBuildFile; fileRef = 5EF4CC432347CE1300B492DB /* bPriceTests.swift */; };
		5EF4CC522347F5D300B492DB /* AppEnvironment.swift in Sources */ = {isa = PBXBuildFile; fileRef = 5EF4CC512347F5D200B492DB /* AppEnvironment.swift */; };
		5EF4CC542348012100B492DB /* UTAppEnvironment.swift in Sources */ = {isa = PBXBuildFile; fileRef = 5EF4CC532348012100B492DB /* UTAppEnvironment.swift */; };
/* End PBXBuildFile section */

/* Begin PBXContainerItemProxy section */
		5EF4CC402347CE1300B492DB /* PBXContainerItemProxy */ = {
			isa = PBXContainerItemProxy;
			containerPortal = 5EF4CC212347CE1200B492DB /* Project object */;
			proxyType = 1;
			remoteGlobalIDString = 5EF4CC282347CE1200B492DB;
			remoteInfo = bPrice;
		};
/* End PBXContainerItemProxy section */

/* Begin PBXFileReference section */
		5EF4CC292347CE1200B492DB /* bPrice.app */ = {isa = PBXFileReference; explicitFileType = wrapper.application; includeInIndex = 0; path = bPrice.app; sourceTree = BUILT_PRODUCTS_DIR; };
		5EF4CC2C2347CE1200B492DB /* AppDelegate.swift */ = {isa = PBXFileReference; lastKnownFileType = sourcecode.swift; path = AppDelegate.swift; sourceTree = "<group>"; };
		5EF4CC2E2347CE1200B492DB /* SceneDelegate.swift */ = {isa = PBXFileReference; lastKnownFileType = sourcecode.swift; path = SceneDelegate.swift; sourceTree = "<group>"; };
		5EF4CC302347CE1200B492DB /* ContentView.swift */ = {isa = PBXFileReference; lastKnownFileType = sourcecode.swift; path = ContentView.swift; sourceTree = "<group>"; };
		5EF4CC322347CE1300B492DB /* Assets.xcassets */ = {isa = PBXFileReference; lastKnownFileType = folder.assetcatalog; path = Assets.xcassets; sourceTree = "<group>"; };
		5EF4CC352347CE1300B492DB /* Preview Assets.xcassets */ = {isa = PBXFileReference; lastKnownFileType = folder.assetcatalog; path = "Preview Assets.xcassets"; sourceTree = "<group>"; };
		5EF4CC382347CE1300B492DB /* Base */ = {isa = PBXFileReference; lastKnownFileType = file.storyboard; name = Base; path = Base.lproj/LaunchScreen.storyboard; sourceTree = "<group>"; };
		5EF4CC3A2347CE1300B492DB /* Info.plist */ = {isa = PBXFileReference; lastKnownFileType = text.plist.xml; path = Info.plist; sourceTree = "<group>"; };
		5EF4CC3F2347CE1300B492DB /* bPriceTests.xctest */ = {isa = PBXFileReference; explicitFileType = wrapper.cfbundle; includeInIndex = 0; path = bPriceTests.xctest; sourceTree = BUILT_PRODUCTS_DIR; };
		5EF4CC432347CE1300B492DB /* bPriceTests.swift */ = {isa = PBXFileReference; lastKnownFileType = sourcecode.swift; path = bPriceTests.swift; sourceTree = "<group>"; };
		5EF4CC452347CE1300B492DB /* Info.plist */ = {isa = PBXFileReference; lastKnownFileType = text.plist.xml; path = Info.plist; sourceTree = "<group>"; };
		5EF4CC512347F5D200B492DB /* AppEnvironment.swift */ = {isa = PBXFileReference; fileEncoding = 4; lastKnownFileType = sourcecode.swift; path = AppEnvironment.swift; sourceTree = "<group>"; };
		5EF4CC532348012100B492DB /* UTAppEnvironment.swift */ = {isa = PBXFileReference; fileEncoding = 4; lastKnownFileType = sourcecode.swift; path = UTAppEnvironment.swift; sourceTree = "<group>"; };
/* End PBXFileReference section */

/* Begin PBXFrameworksBuildPhase section */
		5EF4CC262347CE1200B492DB /* Frameworks */ = {
			isa = PBXFrameworksBuildPhase;
			buildActionMask = 2147483647;
			files = (
			);
			runOnlyForDeploymentPostprocessing = 0;
		};
		5EF4CC3C2347CE1300B492DB /* Frameworks */ = {
			isa = PBXFrameworksBuildPhase;
			buildActionMask = 2147483647;
			files = (
			);
			runOnlyForDeploymentPostprocessing = 0;
		};
/* End PBXFrameworksBuildPhase section */

/* Begin PBXGroup section */
		5EF4CC202347CE1200B492DB = {
			isa = PBXGroup;
			children = (
				5EF4CC2B2347CE1200B492DB /* bPrice */,
				5EF4CC422347CE1300B492DB /* bPriceTests */,
				5EF4CC2A2347CE1200B492DB /* Products */,
			);
			sourceTree = "<group>";
		};
		5EF4CC2A2347CE1200B492DB /* Products */ = {
			isa = PBXGroup;
			children = (
				5EF4CC292347CE1200B492DB /* bPrice.app */,
				5EF4CC3F2347CE1300B492DB /* bPriceTests.xctest */,
			);
			name = Products;
			sourceTree = "<group>";
		};
		5EF4CC2B2347CE1200B492DB /* bPrice */ = {
			isa = PBXGroup;
			children = (
				5EF4CC512347F5D200B492DB /* AppEnvironment.swift */,
				5EF4CC2C2347CE1200B492DB /* AppDelegate.swift */,
				5EF4CC2E2347CE1200B492DB /* SceneDelegate.swift */,
				5EF4CC302347CE1200B492DB /* ContentView.swift */,
				5EF4CC322347CE1300B492DB /* Assets.xcassets */,
				5EF4CC372347CE1300B492DB /* LaunchScreen.storyboard */,
				5EF4CC3A2347CE1300B492DB /* Info.plist */,
				5EF4CC342347CE1300B492DB /* Preview Content */,
			);
			path = bPrice;
			sourceTree = "<group>";
		};
		5EF4CC342347CE1300B492DB /* Preview Content */ = {
			isa = PBXGroup;
			children = (
				5EF4CC352347CE1300B492DB /* Preview Assets.xcassets */,
			);
			path = "Preview Content";
			sourceTree = "<group>";
		};
		5EF4CC422347CE1300B492DB /* bPriceTests */ = {
			isa = PBXGroup;
			children = (
				5EF4CC532348012100B492DB /* UTAppEnvironment.swift */,
				5EF4CC432347CE1300B492DB /* bPriceTests.swift */,
				5EF4CC452347CE1300B492DB /* Info.plist */,
			);
			path = bPriceTests;
			sourceTree = "<group>";
		};
/* End PBXGroup section */

/* Begin PBXNativeTarget section */
		5EF4CC282347CE1200B492DB /* bPrice */ = {
			isa = PBXNativeTarget;
			buildConfigurationList = 5EF4CC482347CE1300B492DB /* Build configuration list for PBXNativeTarget "bPrice" */;
			buildPhases = (
				5EF4CC252347CE1200B492DB /* Sources */,
				5EF4CC262347CE1200B492DB /* Frameworks */,
				5EF4CC272347CE1200B492DB /* Resources */,
			);
			buildRules = (
			);
			dependencies = (
			);
			name = bPrice;
			productName = bPrice;
			productReference = 5EF4CC292347CE1200B492DB /* bPrice.app */;
			productType = "com.apple.product-type.application";
		};
		5EF4CC3E2347CE1300B492DB /* bPriceTests */ = {
			isa = PBXNativeTarget;
			buildConfigurationList = 5EF4CC4B2347CE1300B492DB /* Build configuration list for PBXNativeTarget "bPriceTests" */;
			buildPhases = (
				5EF4CC3B2347CE1300B492DB /* Sources */,
				5EF4CC3C2347CE1300B492DB /* Frameworks */,
				5EF4CC3D2347CE1300B492DB /* Resources */,
			);
			buildRules = (
			);
			dependencies = (
				5EF4CC412347CE1300B492DB /* PBXTargetDependency */,
			);
			name = bPriceTests;
			productName = bPriceTests;
			productReference = 5EF4CC3F2347CE1300B492DB /* bPriceTests.xctest */;
			productType = "com.apple.product-type.bundle.unit-test";
		};
/* End PBXNativeTarget section */

/* Begin PBXProject section */
		5EF4CC212347CE1200B492DB /* Project object */ = {
			isa = PBXProject;
			attributes = {
				LastSwiftUpdateCheck = 1100;
				LastUpgradeCheck = 1100;
				ORGANIZATIONNAME = "Javier Calatrava";
				TargetAttributes = {
					5EF4CC282347CE1200B492DB = {
						CreatedOnToolsVersion = 11.0;
					};
					5EF4CC3E2347CE1300B492DB = {
						CreatedOnToolsVersion = 11.0;
						TestTargetID = 5EF4CC282347CE1200B492DB;
					};
				};
			};
			buildConfigurationList = 5EF4CC242347CE1200B492DB /* Build configuration list for PBXProject "bPrice" */;
			compatibilityVersion = "Xcode 9.3";
			developmentRegion = en;
			hasScannedForEncodings = 0;
			knownRegions = (
				en,
				Base,
			);
			mainGroup = 5EF4CC202347CE1200B492DB;
			productRefGroup = 5EF4CC2A2347CE1200B492DB /* Products */;
			projectDirPath = "";
			projectRoot = "";
			targets = (
				5EF4CC282347CE1200B492DB /* bPrice */,
				5EF4CC3E2347CE1300B492DB /* bPriceTests */,
			);
		};
/* End PBXProject section */

/* Begin PBXResourcesBuildPhase section */
		5EF4CC272347CE1200B492DB /* Resources */ = {
			isa = PBXResourcesBuildPhase;
			buildActionMask = 2147483647;
			files = (
				5EF4CC392347CE1300B492DB /* LaunchScreen.storyboard in Resources */,
				5EF4CC362347CE1300B492DB /* Preview Assets.xcassets in Resources */,
				5EF4CC332347CE1300B492DB /* Assets.xcassets in Resources */,
			);
			runOnlyForDeploymentPostprocessing = 0;
		};
		5EF4CC3D2347CE1300B492DB /* Resources */ = {
			isa = PBXResourcesBuildPhase;
			buildActionMask = 2147483647;
			files = (
			);
			runOnlyForDeploymentPostprocessing = 0;
		};
/* End PBXResourcesBuildPhase section */

/* Begin PBXSourcesBuildPhase section */
		5EF4CC252347CE1200B492DB /* Sources */ = {
			isa = PBXSourcesBuildPhase;
			buildActionMask = 2147483647;
			files = (
				5EF4CC2D2347CE1200B492DB /* AppDelegate.swift in Sources */,
				5EF4CC522347F5D300B492DB /* AppEnvironment.swift in Sources */,
				5EF4CC2F2347CE1200B492DB /* SceneDelegate.swift in Sources */,
				5EF4CC312347CE1200B492DB /* ContentView.swift in Sources */,
			);
			runOnlyForDeploymentPostprocessing = 0;
		};
		5EF4CC3B2347CE1300B492DB /* Sources */ = {
			isa = PBXSourcesBuildPhase;
			buildActionMask = 2147483647;
			files = (
				5EF4CC542348012100B492DB /* UTAppEnvironment.swift in Sources */,
				5EF4CC442347CE1300B492DB /* bPriceTests.swift in Sources */,
			);
			runOnlyForDeploymentPostprocessing = 0;
		};
/* End PBXSourcesBuildPhase section */

/* Begin PBXTargetDependency section */
		5EF4CC412347CE1300B492DB /* PBXTargetDependency */ = {
			isa = PBXTargetDependency;
			target = 5EF4CC282347CE1200B492DB /* bPrice */;
			targetProxy = 5EF4CC402347CE1300B492DB /* PBXContainerItemProxy */;
		};
/* End PBXTargetDependency section */

/* Begin PBXVariantGroup section */
		5EF4CC372347CE1300B492DB /* LaunchScreen.storyboard */ = {
			isa = PBXVariantGroup;
			children = (
				5EF4CC382347CE1300B492DB /* Base */,
			);
			name = LaunchScreen.storyboard;
			sourceTree = "<group>";
		};
/* End PBXVariantGroup section */

/* Begin XCBuildConfiguration section */
		5EF4CC462347CE1300B492DB /* Debug */ = {
			isa = XCBuildConfiguration;
			buildSettings = {
				ALWAYS_SEARCH_USER_PATHS = NO;
				CLANG_ANALYZER_NONNULL = YES;
				CLANG_ANALYZER_NUMBER_OBJECT_CONVERSION = YES_AGGRESSIVE;
				CLANG_CXX_LANGUAGE_STANDARD = "gnu++14";
				CLANG_CXX_LIBRARY = "libc++";
				CLANG_ENABLE_MODULES = YES;
				CLANG_ENABLE_OBJC_ARC = YES;
				CLANG_ENABLE_OBJC_WEAK = YES;
				CLANG_WARN_BLOCK_CAPTURE_AUTORELEASING = YES;
				CLANG_WARN_BOOL_CONVERSION = YES;
				CLANG_WARN_COMMA = YES;
				CLANG_WARN_CONSTANT_CONVERSION = YES;
				CLANG_WARN_DEPRECATED_OBJC_IMPLEMENTATIONS = YES;
				CLANG_WARN_DIRECT_OBJC_ISA_USAGE = YES_ERROR;
				CLANG_WARN_DOCUMENTATION_COMMENTS = YES;
				CLANG_WARN_EMPTY_BODY = YES;
				CLANG_WARN_ENUM_CONVERSION = YES;
				CLANG_WARN_INFINITE_RECURSION = YES;
				CLANG_WARN_INT_CONVERSION = YES;
				CLANG_WARN_NON_LITERAL_NULL_CONVERSION = YES;
				CLANG_WARN_OBJC_IMPLICIT_RETAIN_SELF = YES;
				CLANG_WARN_OBJC_LITERAL_CONVERSION = YES;
				CLANG_WARN_OBJC_ROOT_CLASS = YES_ERROR;
				CLANG_WARN_RANGE_LOOP_ANALYSIS = YES;
				CLANG_WARN_STRICT_PROTOTYPES = YES;
				CLANG_WARN_SUSPICIOUS_MOVE = YES;
				CLANG_WARN_UNGUARDED_AVAILABILITY = YES_AGGRESSIVE;
				CLANG_WARN_UNREACHABLE_CODE = YES;
				CLANG_WARN__DUPLICATE_METHOD_MATCH = YES;
				COPY_PHASE_STRIP = NO;
				DEBUG_INFORMATION_FORMAT = dwarf;
				ENABLE_STRICT_OBJC_MSGSEND = YES;
				ENABLE_TESTABILITY = YES;
				GCC_C_LANGUAGE_STANDARD = gnu11;
				GCC_DYNAMIC_NO_PIC = NO;
				GCC_NO_COMMON_BLOCKS = YES;
				GCC_OPTIMIZATION_LEVEL = 0;
				GCC_PREPROCESSOR_DEFINITIONS = (
					"DEBUG=1",
					"$(inherited)",
				);
				GCC_WARN_64_TO_32_BIT_CONVERSION = YES;
				GCC_WARN_ABOUT_RETURN_TYPE = YES_ERROR;
				GCC_WARN_UNDECLARED_SELECTOR = YES;
				GCC_WARN_UNINITIALIZED_AUTOS = YES_AGGRESSIVE;
				GCC_WARN_UNUSED_FUNCTION = YES;
				GCC_WARN_UNUSED_VARIABLE = YES;
				IPHONEOS_DEPLOYMENT_TARGET = 13.0;
				MTL_ENABLE_DEBUG_INFO = INCLUDE_SOURCE;
				MTL_FAST_MATH = YES;
				ONLY_ACTIVE_ARCH = YES;
				SDKROOT = iphoneos;
				SWIFT_ACTIVE_COMPILATION_CONDITIONS = DEBUG;
				SWIFT_OPTIMIZATION_LEVEL = "-Onone";
			};
			name = Debug;
		};
		5EF4CC472347CE1300B492DB /* Release */ = {
			isa = XCBuildConfiguration;
			buildSettings = {
				ALWAYS_SEARCH_USER_PATHS = NO;
				CLANG_ANALYZER_NONNULL = YES;
				CLANG_ANALYZER_NUMBER_OBJECT_CONVERSION = YES_AGGRESSIVE;
				CLANG_CXX_LANGUAGE_STANDARD = "gnu++14";
				CLANG_CXX_LIBRARY = "libc++";
				CLANG_ENABLE_MODULES = YES;
				CLANG_ENABLE_OBJC_ARC = YES;
				CLANG_ENABLE_OBJC_WEAK = YES;
				CLANG_WARN_BLOCK_CAPTURE_AUTORELEASING = YES;
				CLANG_WARN_BOOL_CONVERSION = YES;
				CLANG_WARN_COMMA = YES;
				CLANG_WARN_CONSTANT_CONVERSION = YES;
				CLANG_WARN_DEPRECATED_OBJC_IMPLEMENTATIONS = YES;
				CLANG_WARN_DIRECT_OBJC_ISA_USAGE = YES_ERROR;
				CLANG_WARN_DOCUMENTATION_COMMENTS = YES;
				CLANG_WARN_EMPTY_BODY = YES;
				CLANG_WARN_ENUM_CONVERSION = YES;
				CLANG_WARN_INFINITE_RECURSION = YES;
				CLANG_WARN_INT_CONVERSION = YES;
				CLANG_WARN_NON_LITERAL_NULL_CONVERSION = YES;
				CLANG_WARN_OBJC_IMPLICIT_RETAIN_SELF = YES;
				CLANG_WARN_OBJC_LITERAL_CONVERSION = YES;
				CLANG_WARN_OBJC_ROOT_CLASS = YES_ERROR;
				CLANG_WARN_RANGE_LOOP_ANALYSIS = YES;
				CLANG_WARN_STRICT_PROTOTYPES = YES;
				CLANG_WARN_SUSPICIOUS_MOVE = YES;
				CLANG_WARN_UNGUARDED_AVAILABILITY = YES_AGGRESSIVE;
				CLANG_WARN_UNREACHABLE_CODE = YES;
				CLANG_WARN__DUPLICATE_METHOD_MATCH = YES;
				COPY_PHASE_STRIP = NO;
				DEBUG_INFORMATION_FORMAT = "dwarf-with-dsym";
				ENABLE_NS_ASSERTIONS = NO;
				ENABLE_STRICT_OBJC_MSGSEND = YES;
				GCC_C_LANGUAGE_STANDARD = gnu11;
				GCC_NO_COMMON_BLOCKS = YES;
				GCC_WARN_64_TO_32_BIT_CONVERSION = YES;
				GCC_WARN_ABOUT_RETURN_TYPE = YES_ERROR;
				GCC_WARN_UNDECLARED_SELECTOR = YES;
				GCC_WARN_UNINITIALIZED_AUTOS = YES_AGGRESSIVE;
				GCC_WARN_UNUSED_FUNCTION = YES;
				GCC_WARN_UNUSED_VARIABLE = YES;
				IPHONEOS_DEPLOYMENT_TARGET = 13.0;
				MTL_ENABLE_DEBUG_INFO = NO;
				MTL_FAST_MATH = YES;
				SDKROOT = iphoneos;
				SWIFT_COMPILATION_MODE = wholemodule;
				SWIFT_OPTIMIZATION_LEVEL = "-O";
				VALIDATE_PRODUCT = YES;
			};
			name = Release;
		};
		5EF4CC492347CE1300B492DB /* Debug */ = {
			isa = XCBuildConfiguration;
			buildSettings = {
				ASSETCATALOG_COMPILER_APPICON_NAME = AppIcon;
				CODE_SIGN_STYLE = Automatic;
				DEVELOPMENT_ASSET_PATHS = "\"bPrice/Preview Content\"";
				DEVELOPMENT_TEAM = 7ZPDPWR8XU;
				ENABLE_PREVIEWS = YES;
				INFOPLIST_FILE = bPrice/Info.plist;
				LD_RUNPATH_SEARCH_PATHS = (
					"$(inherited)",
					"@executable_path/Frameworks",
				);
				PRODUCT_BUNDLE_IDENTIFIER = jca.bPrice;
				PRODUCT_NAME = "$(TARGET_NAME)";
				SWIFT_VERSION = 5.0;
				TARGETED_DEVICE_FAMILY = "1,2";
			};
			name = Debug;
		};
		5EF4CC4A2347CE1300B492DB /* Release */ = {
			isa = XCBuildConfiguration;
			buildSettings = {
				ASSETCATALOG_COMPILER_APPICON_NAME = AppIcon;
				CODE_SIGN_STYLE = Automatic;
				DEVELOPMENT_ASSET_PATHS = "\"bPrice/Preview Content\"";
				DEVELOPMENT_TEAM = 7ZPDPWR8XU;
				ENABLE_PREVIEWS = YES;
				INFOPLIST_FILE = bPrice/Info.plist;
				LD_RUNPATH_SEARCH_PATHS = (
					"$(inherited)",
					"@executable_path/Frameworks",
				);
				PRODUCT_BUNDLE_IDENTIFIER = jca.bPrice;
				PRODUCT_NAME = "$(TARGET_NAME)";
				SWIFT_VERSION = 5.0;
				TARGETED_DEVICE_FAMILY = "1,2";
			};
			name = Release;
		};
		5EF4CC4C2347CE1300B492DB /* Debug */ = {
			isa = XCBuildConfiguration;
			buildSettings = {
				ALWAYS_EMBED_SWIFT_STANDARD_LIBRARIES = YES;
				BUNDLE_LOADER = "$(TEST_HOST)";
				CODE_SIGN_STYLE = Automatic;
				DEVELOPMENT_TEAM = 7ZPDPWR8XU;
				INFOPLIST_FILE = bPriceTests/Info.plist;
				IPHONEOS_DEPLOYMENT_TARGET = 13.0;
				LD_RUNPATH_SEARCH_PATHS = (
					"$(inherited)",
					"@executable_path/Frameworks",
					"@loader_path/Frameworks",
				);
				PRODUCT_BUNDLE_IDENTIFIER = jca.bPriceTests;
				PRODUCT_NAME = "$(TARGET_NAME)";
				SWIFT_VERSION = 5.0;
				TARGETED_DEVICE_FAMILY = "1,2";
				TEST_HOST = "$(BUILT_PRODUCTS_DIR)/bPrice.app/bPrice";
			};
			name = Debug;
		};
		5EF4CC4D2347CE1300B492DB /* Release */ = {
			isa = XCBuildConfiguration;
			buildSettings = {
				ALWAYS_EMBED_SWIFT_STANDARD_LIBRARIES = YES;
				BUNDLE_LOADER = "$(TEST_HOST)";
				CODE_SIGN_STYLE = Automatic;
				DEVELOPMENT_TEAM = 7ZPDPWR8XU;
				INFOPLIST_FILE = bPriceTests/Info.plist;
				IPHONEOS_DEPLOYMENT_TARGET = 13.0;
				LD_RUNPATH_SEARCH_PATHS = (
					"$(inherited)",
					"@executable_path/Frameworks",
					"@loader_path/Frameworks",
				);
				PRODUCT_BUNDLE_IDENTIFIER = jca.bPriceTests;
				PRODUCT_NAME = "$(TARGET_NAME)";
				SWIFT_VERSION = 5.0;
				TARGETED_DEVICE_FAMILY = "1,2";
				TEST_HOST = "$(BUILT_PRODUCTS_DIR)/bPrice.app/bPrice";
			};
			name = Release;
		};
		5EF4CC4E2347F49600B492DB /* Staging */ = {
			isa = XCBuildConfiguration;
			buildSettings = {
				ALWAYS_SEARCH_USER_PATHS = NO;
				CLANG_ANALYZER_NONNULL = YES;
				CLANG_ANALYZER_NUMBER_OBJECT_CONVERSION = YES_AGGRESSIVE;
				CLANG_CXX_LANGUAGE_STANDARD = "gnu++14";
				CLANG_CXX_LIBRARY = "libc++";
				CLANG_ENABLE_MODULES = YES;
				CLANG_ENABLE_OBJC_ARC = YES;
				CLANG_ENABLE_OBJC_WEAK = YES;
				CLANG_WARN_BLOCK_CAPTURE_AUTORELEASING = YES;
				CLANG_WARN_BOOL_CONVERSION = YES;
				CLANG_WARN_COMMA = YES;
				CLANG_WARN_CONSTANT_CONVERSION = YES;
				CLANG_WARN_DEPRECATED_OBJC_IMPLEMENTATIONS = YES;
				CLANG_WARN_DIRECT_OBJC_ISA_USAGE = YES_ERROR;
				CLANG_WARN_DOCUMENTATION_COMMENTS = YES;
				CLANG_WARN_EMPTY_BODY = YES;
				CLANG_WARN_ENUM_CONVERSION = YES;
				CLANG_WARN_INFINITE_RECURSION = YES;
				CLANG_WARN_INT_CONVERSION = YES;
				CLANG_WARN_NON_LITERAL_NULL_CONVERSION = YES;
				CLANG_WARN_OBJC_IMPLICIT_RETAIN_SELF = YES;
				CLANG_WARN_OBJC_LITERAL_CONVERSION = YES;
				CLANG_WARN_OBJC_ROOT_CLASS = YES_ERROR;
				CLANG_WARN_RANGE_LOOP_ANALYSIS = YES;
				CLANG_WARN_STRICT_PROTOTYPES = YES;
				CLANG_WARN_SUSPICIOUS_MOVE = YES;
				CLANG_WARN_UNGUARDED_AVAILABILITY = YES_AGGRESSIVE;
				CLANG_WARN_UNREACHABLE_CODE = YES;
				CLANG_WARN__DUPLICATE_METHOD_MATCH = YES;
				COPY_PHASE_STRIP = NO;
				DEBUG_INFORMATION_FORMAT = "dwarf-with-dsym";
				ENABLE_NS_ASSERTIONS = NO;
				ENABLE_STRICT_OBJC_MSGSEND = YES;
				GCC_C_LANGUAGE_STANDARD = gnu11;
				GCC_NO_COMMON_BLOCKS = YES;
				GCC_WARN_64_TO_32_BIT_CONVERSION = YES;
				GCC_WARN_ABOUT_RETURN_TYPE = YES_ERROR;
				GCC_WARN_UNDECLARED_SELECTOR = YES;
				GCC_WARN_UNINITIALIZED_AUTOS = YES_AGGRESSIVE;
				GCC_WARN_UNUSED_FUNCTION = YES;
				GCC_WARN_UNUSED_VARIABLE = YES;
				IPHONEOS_DEPLOYMENT_TARGET = 13.0;
				MTL_ENABLE_DEBUG_INFO = NO;
				MTL_FAST_MATH = YES;
				SDKROOT = iphoneos;
				SWIFT_COMPILATION_MODE = wholemodule;
				SWIFT_OPTIMIZATION_LEVEL = "-O";
				VALIDATE_PRODUCT = YES;
			};
			name = Staging;
		};
		5EF4CC4F2347F49600B492DB /* Staging */ = {
			isa = XCBuildConfiguration;
			buildSettings = {
				ASSETCATALOG_COMPILER_APPICON_NAME = AppIcon;
				CODE_SIGN_STYLE = Automatic;
				DEVELOPMENT_ASSET_PATHS = "\"bPrice/Preview Content\"";
				DEVELOPMENT_TEAM = 7ZPDPWR8XU;
				ENABLE_PREVIEWS = YES;
				INFOPLIST_FILE = bPrice/Info.plist;
				LD_RUNPATH_SEARCH_PATHS = (
					"$(inherited)",
					"@executable_path/Frameworks",
				);
				PRODUCT_BUNDLE_IDENTIFIER = jca.bPrice;
				PRODUCT_NAME = "$(TARGET_NAME)";
				SWIFT_VERSION = 5.0;
				TARGETED_DEVICE_FAMILY = "1,2";
			};
			name = Staging;
		};
		5EF4CC502347F49600B492DB /* Staging */ = {
			isa = XCBuildConfiguration;
			buildSettings = {
				ALWAYS_EMBED_SWIFT_STANDARD_LIBRARIES = YES;
				BUNDLE_LOADER = "$(TEST_HOST)";
				CODE_SIGN_STYLE = Automatic;
				DEVELOPMENT_TEAM = 7ZPDPWR8XU;
				INFOPLIST_FILE = bPriceTests/Info.plist;
				IPHONEOS_DEPLOYMENT_TARGET = 13.0;
				LD_RUNPATH_SEARCH_PATHS = (
					"$(inherited)",
					"@executable_path/Frameworks",
					"@loader_path/Frameworks",
				);
				PRODUCT_BUNDLE_IDENTIFIER = jca.bPriceTests;
				PRODUCT_NAME = "$(TARGET_NAME)";
				SWIFT_VERSION = 5.0;
				TARGETED_DEVICE_FAMILY = "1,2";
				TEST_HOST = "$(BUILT_PRODUCTS_DIR)/bPrice.app/bPrice";
			};
			name = Staging;
		};
/* End XCBuildConfiguration section */

/* Begin XCConfigurationList section */
		5EF4CC242347CE1200B492DB /* Build configuration list for PBXProject "bPrice" */ = {
			isa = XCConfigurationList;
			buildConfigurations = (
				5EF4CC462347CE1300B492DB /* Debug */,
				5EF4CC472347CE1300B492DB /* Release */,
				5EF4CC4E2347F49600B492DB /* Staging */,
			);
			defaultConfigurationIsVisible = 0;
			defaultConfigurationName = Release;
		};
		5EF4CC482347CE1300B492DB /* Build configuration list for PBXNativeTarget "bPrice" */ = {
			isa = XCConfigurationList;
			buildConfigurations = (
				5EF4CC492347CE1300B492DB /* Debug */,
				5EF4CC4A2347CE1300B492DB /* Release */,
				5EF4CC4F2347F49600B492DB /* Staging */,
			);
			defaultConfigurationIsVisible = 0;
			defaultConfigurationName = Release;
		};
		5EF4CC4B2347CE1300B492DB /* Build configuration list for PBXNativeTarget "bPriceTests" */ = {
			isa = XCConfigurationList;
			buildConfigurations = (
				5EF4CC4C2347CE1300B492DB /* Debug */,
				5EF4CC4D2347CE1300B492DB /* Release */,
				5EF4CC502347F49600B492DB /* Staging */,
			);
			defaultConfigurationIsVisible = 0;
			defaultConfigurationName = Release;
		};
/* End XCConfigurationList section */
	};
	rootObject = 5EF4CC212347CE1200B492DB /* Project object */;
}
